// !$*UTF8*$!
{
	archiveVersion = 1;
	classes = {
	};
	objectVersion = 46;
	objects = {

/* Begin PBXBuildFile section */
		388045A21BC78DB700950633 /* main.m in Sources */ = {isa = PBXBuildFile; fileRef = 388045A11BC78DB700950633 /* main.m */; };
		388045A51BC78DB700950633 /* AppDelegate.m in Sources */ = {isa = PBXBuildFile; fileRef = 388045A41BC78DB700950633 /* AppDelegate.m */; };
		388045A81BC78DB700950633 /* ViewController.m in Sources */ = {isa = PBXBuildFile; fileRef = 388045A71BC78DB700950633 /* ViewController.m */; };
		388045AB1BC78DB700950633 /* Main.storyboard in Resources */ = {isa = PBXBuildFile; fileRef = 388045A91BC78DB700950633 /* Main.storyboard */; };
		388045AD1BC78DB700950633 /* Images.xcassets in Resources */ = {isa = PBXBuildFile; fileRef = 388045AC1BC78DB700950633 /* Images.xcassets */; };
		388045B01BC78DB700950633 /* LaunchScreen.xib in Resources */ = {isa = PBXBuildFile; fileRef = 388045AE1BC78DB700950633 /* LaunchScreen.xib */; };
		388045BC1BC78DB700950633 /* NullTests.m in Sources */ = {isa = PBXBuildFile; fileRef = 388045BB1BC78DB700950633 /* NullTests.m */; };
/* End PBXBuildFile section */

/* Begin PBXContainerItemProxy section */
		388045B61BC78DB700950633 /* PBXContainerItemProxy */ = {
			isa = PBXContainerItemProxy;
			containerPortal = 388045941BC78DB700950633 /* Project object */;
			proxyType = 1;
			remoteGlobalIDString = 3880459B1BC78DB700950633;
			remoteInfo = Null;
		};
/* End PBXContainerItemProxy section */

/* Begin PBXFileReference section */
		3880459C1BC78DB700950633 /* Null.app */ = {isa = PBXFileReference; explicitFileType = wrapper.application; includeInIndex = 0; path = Null.app; sourceTree = BUILT_PRODUCTS_DIR; };
		388045A01BC78DB700950633 /* Info.plist */ = {isa = PBXFileReference; lastKnownFileType = text.plist.xml; path = Info.plist; sourceTree = "<group>"; };
		388045A11BC78DB700950633 /* main.m */ = {isa = PBXFileReference; lastKnownFileType = sourcecode.c.objc; path = main.m; sourceTree = "<group>"; };
		388045A31BC78DB700950633 /* AppDelegate.h */ = {isa = PBXFileReference; lastKnownFileType = sourcecode.c.h; path = AppDelegate.h; sourceTree = "<group>"; };
		388045A41BC78DB700950633 /* AppDelegate.m */ = {isa = PBXFileReference; lastKnownFileType = sourcecode.c.objc; path = AppDelegate.m; sourceTree = "<group>"; };
		388045A61BC78DB700950633 /* ViewController.h */ = {isa = PBXFileReference; lastKnownFileType = sourcecode.c.h; path = ViewController.h; sourceTree = "<group>"; };
		388045A71BC78DB700950633 /* ViewController.m */ = {isa = PBXFileReference; lastKnownFileType = sourcecode.c.objc; path = ViewController.m; sourceTree = "<group>"; };
		388045AA1BC78DB700950633 /* Base */ = {isa = PBXFileReference; lastKnownFileType = file.storyboard; name = Base; path = Base.lproj/Main.storyboard; sourceTree = "<group>"; };
		388045AC1BC78DB700950633 /* Images.xcassets */ = {isa = PBXFileReference; lastKnownFileType = folder.assetcatalog; path = Images.xcassets; sourceTree = "<group>"; };
		388045AF1BC78DB700950633 /* Base */ = {isa = PBXFileReference; lastKnownFileType = file.xib; name = Base; path = Base.lproj/LaunchScreen.xib; sourceTree = "<group>"; };
		388045B51BC78DB700950633 /* NullTests.xctest */ = {isa = PBXFileReference; explicitFileType = wrapper.cfbundle; includeInIndex = 0; path = NullTests.xctest; sourceTree = BUILT_PRODUCTS_DIR; };
		388045BA1BC78DB700950633 /* Info.plist */ = {isa = PBXFileReference; lastKnownFileType = text.plist.xml; path = Info.plist; sourceTree = "<group>"; };
		388045BB1BC78DB700950633 /* NullTests.m */ = {isa = PBXFileReference; lastKnownFileType = sourcecode.c.objc; path = NullTests.m; sourceTree = "<group>"; };
/* End PBXFileReference section */

/* Begin PBXFrameworksBuildPhase section */
		388045991BC78DB700950633 /* Frameworks */ = {
			isa = PBXFrameworksBuildPhase;
			buildActionMask = 2147483647;
			files = (
			);
			runOnlyForDeploymentPostprocessing = 0;
		};
		388045B21BC78DB700950633 /* Frameworks */ = {
			isa = PBXFrameworksBuildPhase;
			buildActionMask = 2147483647;
			files = (
			);
			runOnlyForDeploymentPostprocessing = 0;
		};
/* End PBXFrameworksBuildPhase section */

/* Begin PBXGroup section */
		388045931BC78DB700950633 = {
			isa = PBXGroup;
			children = (
				3880459E1BC78DB700950633 /* Null */,
				388045B81BC78DB700950633 /* NullTests */,
				3880459D1BC78DB700950633 /* Products */,
			);
			sourceTree = "<group>";
		};
		3880459D1BC78DB700950633 /* Products */ = {
			isa = PBXGroup;
			children = (
				3880459C1BC78DB700950633 /* Null.app */,
				388045B51BC78DB700950633 /* NullTests.xctest */,
			);
			name = Products;
			sourceTree = "<group>";
		};
		3880459E1BC78DB700950633 /* Null */ = {
			isa = PBXGroup;
			children = (
				388045A31BC78DB700950633 /* AppDelegate.h */,
				388045A41BC78DB700950633 /* AppDelegate.m */,
				388045A61BC78DB700950633 /* ViewController.h */,
				388045A71BC78DB700950633 /* ViewController.m */,
				388045A91BC78DB700950633 /* Main.storyboard */,
				388045AC1BC78DB700950633 /* Images.xcassets */,
				388045AE1BC78DB700950633 /* LaunchScreen.xib */,
				3880459F1BC78DB700950633 /* Supporting Files */,
			);
			path = Null;
			sourceTree = "<group>";
		};
		3880459F1BC78DB700950633 /* Supporting Files */ = {
			isa = PBXGroup;
			children = (
				388045A01BC78DB700950633 /* Info.plist */,
				388045A11BC78DB700950633 /* main.m */,
			);
			name = "Supporting Files";
			sourceTree = "<group>";
		};
		388045B81BC78DB700950633 /* NullTests */ = {
			isa = PBXGroup;
			children = (
				388045BB1BC78DB700950633 /* NullTests.m */,
				388045B91BC78DB700950633 /* Supporting Files */,
			);
			path = NullTests;
			sourceTree = "<group>";
		};
		388045B91BC78DB700950633 /* Supporting Files */ = {
			isa = PBXGroup;
			children = (
				388045BA1BC78DB700950633 /* Info.plist */,
			);
			name = "Supporting Files";
			sourceTree = "<group>";
		};
/* End PBXGroup section */

/* Begin PBXNativeTarget section */
		3880459B1BC78DB700950633 /* Null */ = {
			isa = PBXNativeTarget;
			buildConfigurationList = 388045BF1BC78DB700950633 /* Build configuration list for PBXNativeTarget "Null" */;
			buildPhases = (
				388045981BC78DB700950633 /* Sources */,
				388045991BC78DB700950633 /* Frameworks */,
				3880459A1BC78DB700950633 /* Resources */,
			);
			buildRules = (
			);
			dependencies = (
			);
			name = Null;
			productName = Null;
			productReference = 3880459C1BC78DB700950633 /* Null.app */;
			productType = "com.apple.product-type.application";
		};
		388045B41BC78DB700950633 /* NullTests */ = {
			isa = PBXNativeTarget;
			buildConfigurationList = 388045C21BC78DB700950633 /* Build configuration list for PBXNativeTarget "NullTests" */;
			buildPhases = (
				388045B11BC78DB700950633 /* Sources */,
				388045B21BC78DB700950633 /* Frameworks */,
				388045B31BC78DB700950633 /* Resources */,
			);
			buildRules = (
			);
			dependencies = (
				388045B71BC78DB700950633 /* PBXTargetDependency */,
			);
			name = NullTests;
			productName = NullTests;
			productReference = 388045B51BC78DB700950633 /* NullTests.xctest */;
			productType = "com.apple.product-type.bundle.unit-test";
		};
/* End PBXNativeTarget section */

/* Begin PBXProject section */
		388045941BC78DB700950633 /* Project object */ = {
			isa = PBXProject;
			attributes = {
				LastUpgradeCheck = 0640;
				ORGANIZATIONNAME = FF;
				TargetAttributes = {
					3880459B1BC78DB700950633 = {
						CreatedOnToolsVersion = 6.4;
					};
					388045B41BC78DB700950633 = {
						CreatedOnToolsVersion = 6.4;
						TestTargetID = 3880459B1BC78DB700950633;
					};
				};
			};
			buildConfigurationList = 388045971BC78DB700950633 /* Build configuration list for PBXProject "Null" */;
			compatibilityVersion = "Xcode 3.2";
			developmentRegion = English;
			hasScannedForEncodings = 0;
			knownRegions = (
				en,
				Base,
			);
			mainGroup = 388045931BC78DB700950633;
			productRefGroup = 3880459D1BC78DB700950633 /* Products */;
			projectDirPath = "";
			projectRoot = "";
			targets = (
				3880459B1BC78DB700950633 /* Null */,
				388045B41BC78DB700950633 /* NullTests */,
			);
		};
/* End PBXProject section */

/* Begin PBXResourcesBuildPhase section */
		3880459A1BC78DB700950633 /* Resources */ = {
			isa = PBXResourcesBuildPhase;
			buildActionMask = 2147483647;
			files = (
				388045AB1BC78DB700950633 /* Main.storyboard in Resources */,
				388045B01BC78DB700950633 /* LaunchScreen.xib in Resources */,
				388045AD1BC78DB700950633 /* Images.xcassets in Resources */,
			);
			runOnlyForDeploymentPostprocessing = 0;
		};
		388045B31BC78DB700950633 /* Resources */ = {
			isa = PBXResourcesBuildPhase;
			buildActionMask = 2147483647;
			files = (
			);
			runOnlyForDeploymentPostprocessing = 0;
		};
/* End PBXResourcesBuildPhase section */

/* Begin PBXSourcesBuildPhase section */
		388045981BC78DB700950633 /* Sources */ = {
			isa = PBXSourcesBuildPhase;
			buildActionMask = 2147483647;
			files = (
				388045A81BC78DB700950633 /* ViewController.m in Sources */,
				388045A51BC78DB700950633 /* AppDelegate.m in Sources */,
				388045A21BC78DB700950633 /* main.m in Sources */,
			);
			runOnlyForDeploymentPostprocessing = 0;
		};
		388045B11BC78DB700950633 /* Sources */ = {
			isa = PBXSourcesBuildPhase;
			buildActionMask = 2147483647;
			files = (
				388045BC1BC78DB700950633 /* NullTests.m in Sources */,
			);
			runOnlyForDeploymentPostprocessing = 0;
		};
/* End PBXSourcesBuildPhase section */

/* Begin PBXTargetDependency section */
		388045B71BC78DB700950633 /* PBXTargetDependency */ = {
			isa = PBXTargetDependency;
			target = 3880459B1BC78DB700950633 /* Null */;
			targetProxy = 388045B61BC78DB700950633 /* PBXContainerItemProxy */;
		};
/* End PBXTargetDependency section */

/* Begin PBXVariantGroup section */
		388045A91BC78DB700950633 /* Main.storyboard */ = {
			isa = PBXVariantGroup;
			children = (
				388045AA1BC78DB700950633 /* Base */,
			);
			name = Main.storyboard;
			sourceTree = "<group>";
		};
		388045AE1BC78DB700950633 /* LaunchScreen.xib */ = {
			isa = PBXVariantGroup;
			children = (
				388045AF1BC78DB700950633 /* Base */,
			);
			name = LaunchScreen.xib;
			sourceTree = "<group>";
		};
/* End PBXVariantGroup section */

/* Begin XCBuildConfiguration section */
		388045BD1BC78DB700950633 /* Debug */ = {
			isa = XCBuildConfiguration;
			buildSettings = {
				ALWAYS_SEARCH_USER_PATHS = NO;
				CLANG_CXX_LANGUAGE_STANDARD = "gnu++0x";
				CLANG_CXX_LIBRARY = "libc++";
				CLANG_ENABLE_MODULES = YES;
				CLANG_ENABLE_OBJC_ARC = YES;
				CLANG_WARN_BOOL_CONVERSION = YES;
				CLANG_WARN_CONSTANT_CONVERSION = YES;
				CLANG_WARN_DIRECT_OBJC_ISA_USAGE = YES_ERROR;
				CLANG_WARN_EMPTY_BODY = YES;
				CLANG_WARN_ENUM_CONVERSION = YES;
				CLANG_WARN_INT_CONVERSION = YES;
				CLANG_WARN_OBJC_ROOT_CLASS = YES_ERROR;
				CLANG_WARN_UNREACHABLE_CODE = YES;
				CLANG_WARN__DUPLICATE_METHOD_MATCH = YES;
				"CODE_SIGN_IDENTITY[sdk=iphoneos*]" = "iPhone Developer";
				COPY_PHASE_STRIP = NO;
				DEBUG_INFORMATION_FORMAT = "dwarf-with-dsym";
				ENABLE_STRICT_OBJC_MSGSEND = YES;
				GCC_C_LANGUAGE_STANDARD = gnu99;
				GCC_DYNAMIC_NO_PIC = NO;
				GCC_NO_COMMON_BLOCKS = YES;
				GCC_OPTIMIZATION_LEVEL = 0;
				GCC_PREPROCESSOR_DEFINITIONS = (
					"DEBUG=1",
					"$(inherited)",
				);
				GCC_SYMBOLS_PRIVATE_EXTERN = NO;
				GCC_WARN_64_TO_32_BIT_CONVERSION = YES;
				GCC_WARN_ABOUT_RETURN_TYPE = YES_ERROR;
				GCC_WARN_UNDECLARED_SELECTOR = YES;
				GCC_WARN_UNINITIALIZED_AUTOS = YES_AGGRESSIVE;
				GCC_WARN_UNUSED_FUNCTION = YES;
				GCC_WARN_UNUSED_VARIABLE = YES;
				IPHONEOS_DEPLOYMENT_TARGET = 8.4;
				MTL_ENABLE_DEBUG_INFO = YES;
				ONLY_ACTIVE_ARCH = YES;
				SDKROOT = iphoneos;
				TARGETED_DEVICE_FAMILY = "1,2";
			};
			name = Debug;
		};
		388045BE1BC78DB700950633 /* Release */ = {
			isa = XCBuildConfiguration;
			buildSettings = {
				ALWAYS_SEARCH_USER_PATHS = NO;
				CLANG_CXX_LANGUAGE_STANDARD = "gnu++0x";
				CLANG_CXX_LIBRARY = "libc++";
				CLANG_ENABLE_MODULES = YES;
				CLANG_ENABLE_OBJC_ARC = YES;
				CLANG_WARN_BOOL_CONVERSION = YES;
				CLANG_WARN_CONSTANT_CONVERSION = YES;
				CLANG_WARN_DIRECT_OBJC_ISA_USAGE = YES_ERROR;
				CLANG_WARN_EMPTY_BODY = YES;
				CLANG_WARN_ENUM_CONVERSION = YES;
				CLANG_WARN_INT_CONVERSION = YES;
				CLANG_WARN_OBJC_ROOT_CLASS = YES_ERROR;
				CLANG_WARN_UNREACHABLE_CODE = YES;
				CLANG_WARN__DUPLICATE_METHOD_MATCH = YES;
				"CODE_SIGN_IDENTITY[sdk=iphoneos*]" = "iPhone Developer";
				COPY_PHASE_STRIP = NO;
				DEBUG_INFORMATION_FORMAT = "dwarf-with-dsym";
				ENABLE_NS_ASSERTIONS = NO;
				ENABLE_STRICT_OBJC_MSGSEND = YES;
				GCC_C_LANGUAGE_STANDARD = gnu99;
				GCC_NO_COMMON_BLOCKS = YES;
				GCC_WARN_64_TO_32_BIT_CONVERSION = YES;
				GCC_WARN_ABOUT_RETURN_TYPE = YES_ERROR;
				GCC_WARN_UNDECLARED_SELECTOR = YES;
				GCC_WARN_UNINITIALIZED_AUTOS = YES_AGGRESSIVE;
				GCC_WARN_UNUSED_FUNCTION = YES;
				GCC_WARN_UNUSED_VARIABLE = YES;
				IPHONEOS_DEPLOYMENT_TARGET = 8.4;
				MTL_ENABLE_DEBUG_INFO = NO;
				SDKROOT = iphoneos;
				TARGETED_DEVICE_FAMILY = "1,2";
				VALIDATE_PRODUCT = YES;
			};
			name = Release;
		};
		388045C01BC78DB700950633 /* Debug */ = {
			isa = XCBuildConfiguration;
			buildSettings = {
				ASSETCATALOG_COMPILER_APPICON_NAME = AppIcon;
				INFOPLIST_FILE = Null/Info.plist;
				LD_RUNPATH_SEARCH_PATHS = "$(inherited) @executable_path/Frameworks";
				PRODUCT_NAME = "$(TARGET_NAME)";
			};
			name = Debug;
		};
		388045C11BC78DB700950633 /* Release */ = {
			isa = XCBuildConfiguration;
			buildSettings = {
				ASSETCATALOG_COMPILER_APPICON_NAME = AppIcon;
				INFOPLIST_FILE = Null/Info.plist;
				LD_RUNPATH_SEARCH_PATHS = "$(inherited) @executable_path/Frameworks";
				PRODUCT_NAME = "$(TARGET_NAME)";
			};
			name = Release;
		};
		388045C31BC78DB700950633 /* Debug */ = {
			isa = XCBuildConfiguration;
			buildSettings = {
				BUNDLE_LOADER = "$(TEST_HOST)";
				FRAMEWORK_SEARCH_PATHS = (
					"$(SDKROOT)/Developer/Library/Frameworks",
					"$(inherited)",
				);
				GCC_PREPROCESSOR_DEFINITIONS = (
					"DEBUG=1",
					"$(inherited)",
				);
				INFOPLIST_FILE = NullTests/Info.plist;
				LD_RUNPATH_SEARCH_PATHS = "$(inherited) @executable_path/Frameworks @loader_path/Frameworks";
				PRODUCT_NAME = "$(TARGET_NAME)";
				TEST_HOST = "$(BUILT_PRODUCTS_DIR)/Null.app/Null";
			};
			name = Debug;
		};
		388045C41BC78DB700950633 /* Release */ = {
			isa = XCBuildConfiguration;
			buildSettings = {
				BUNDLE_LOADER = "$(TEST_HOST)";
				FRAMEWORK_SEARCH_PATHS = (
					"$(SDKROOT)/Developer/Library/Frameworks",
					"$(inherited)",
				);
				INFOPLIST_FILE = NullTests/Info.plist;
				LD_RUNPATH_SEARCH_PATHS = "$(inherited) @executable_path/Frameworks @loader_path/Frameworks";
				PRODUCT_NAME = "$(TARGET_NAME)";
				TEST_HOST = "$(BUILT_PRODUCTS_DIR)/Null.app/Null";
			};
			name = Release;
		};
/* End XCBuildConfiguration section */

/* Begin XCConfigurationList section */
		388045971BC78DB700950633 /* Build configuration list for PBXProject "Null" */ = {
			isa = XCConfigurationList;
			buildConfigurations = (
				388045BD1BC78DB700950633 /* Debug */,
				388045BE1BC78DB700950633 /* Release */,
			);
			defaultConfigurationIsVisible = 0;
			defaultConfigurationName = Release;
		};
		388045BF1BC78DB700950633 /* Build configuration list for PBXNativeTarget "Null" */ = {
			isa = XCConfigurationList;
			buildConfigurations = (
				388045C01BC78DB700950633 /* Debug */,
				388045C11BC78DB700950633 /* Release */,
			);
			defaultConfigurationIsVisible = 0;
		};
		388045C21BC78DB700950633 /* Build configuration list for PBXNativeTarget "NullTests" */ = {
			isa = XCConfigurationList;
			buildConfigurations = (
				388045C31BC78DB700950633 /* Debug */,
				388045C41BC78DB700950633 /* Release */,
			);
			defaultConfigurationIsVisible = 0;
		};
/* End XCConfigurationList section */
	};
	rootObject = 388045941BC78DB700950633 /* Project object */;
}
